
Microsoft Visual Studio Solution File, Format Version 12.00
# Visual Studio Version 17
VisualStudioVersion = 17.13.35931.197 d17.13
MinimumVisualStudioVersion = 10.0.40219.1
Project("{FAE04EC0-301F-11D3-BF4B-00C04F79EFBC}") = "ConsultaGuiasServientrega", "ConsultaGuiasServientrega\ConsultaGuiasServientrega.csproj", "{2CB3D81C-6195-487D-AAB7-20E1D08FA4DE}"
EndProject
Global
	GlobalSection(SolutionConfigurationPlatforms) = preSolution
		Debug|Any CPU = Debug|Any CPU
		Release|Any CPU = Release|Any CPU
	EndGlobalSection
	GlobalSection(ProjectConfigurationPlatforms) = postSolution
		{2CB3D81C-6195-487D-AAB7-20E1D08FA4DE}.Debug|Any CPU.ActiveCfg = Debug|Any CPU
		{2CB3D81C-6195-487D-AAB7-20E1D08FA4DE}.Debug|Any CPU.Build.0 = Debug|Any CPU
		{2CB3D81C-6195-487D-AAB7-20E1D08FA4DE}.Release|Any CPU.ActiveCfg = Release|Any CPU
		{2CB3D81C-6195-487D-AAB7-20E1D08FA4DE}.Release|Any CPU.Build.0 = Release|Any CPU
	EndGlobalSection
	GlobalSection(SolutionProperties) = preSolution
		HideSolutionNode = FALSE
	EndGlobalSection
	GlobalSection(ExtensibilityGlobals) = postSolution
		SolutionGuid = {358BA41F-E848-4871-BA7E-2B33D691F565}
	EndGlobalSection
EndGlobal
